
Microsoft Visual Studio Solution File, Format Version 12.00
# Visual Studio Version 16
VisualStudioVersion = 16.0.31424.327
MinimumVisualStudioVersion = 10.0.40219.1
Project("{FAE04EC0-301F-11D3-BF4B-00C04F79EFBC}") = "ConsoleEFApp", "ConsoleEFApp\ConsoleEFApp.csproj", "{0275E20D-3C38-4617-ADB1-5F8250E8EF21}"
EndProject
Global
	GlobalSection(SolutionConfigurationPlatforms) = preSolution
		Debug|Any CPU = Debug|Any CPU
		Release|Any CPU = Release|Any CPU
	EndGlobalSection
	GlobalSection(ProjectConfigurationPlatforms) = postSolution
		{0275E20D-3C38-4617-ADB1-5F8250E8EF21}.Debug|Any CPU.ActiveCfg = Debug|Any CPU
		{0275E20D-3C38-4617-ADB1-5F8250E8EF21}.Debug|Any CPU.Build.0 = Debug|Any CPU
		{0275E20D-3C38-4617-ADB1-5F8250E8EF21}.Release|Any CPU.ActiveCfg = Release|Any CPU
		{0275E20D-3C38-4617-ADB1-5F8250E8EF21}.Release|Any CPU.Build.0 = Release|Any CPU
	EndGlobalSection
	GlobalSection(SolutionProperties) = preSolution
		HideSolutionNode = FALSE
	EndGlobalSection
	GlobalSection(ExtensibilityGlobals) = postSolution
		SolutionGuid = {C906403A-7F9A-4D32-8CD0-CCAA495AF6A5}
	EndGlobalSection
EndGlobal
